
Microsoft Visual Studio Solution File, Format Version 12.00
# Visual Studio Version 17
VisualStudioVersion = 17.9.34701.34
MinimumVisualStudioVersion = 10.0.40219.1
Project("{2150E333-8FDC-42A3-9474-1A3956D46DE8}") = "src", "src", "{9AA9EC42-76EB-49CC-A154-1F82FED773A4}"
EndProject
Project("{2150E333-8FDC-42A3-9474-1A3956D46DE8}") = "test", "test", "{A93B1CDB-2940-4E5E-A79D-8AAEA72B2A76}"
EndProject
Project("{2150E333-8FDC-42A3-9474-1A3956D46DE8}") = "Command", "Command", "{BA19D424-D736-4A30-BB2F-69D2C200A6C1}"
EndProject
Project("{2150E333-8FDC-42A3-9474-1A3956D46DE8}") = "Query", "Query", "{74059D3E-F746-480B-A0C1-BD05CE14C4AD}"
EndProject
Project("{2150E333-8FDC-42A3-9474-1A3956D46DE8}") = "Modules", "Modules", "{0172672E-5B71-47EE-A8BE-D575CD840D21}"
EndProject
Project("{2150E333-8FDC-42A3-9474-1A3956D46DE8}") = "Service", "Service", "{F3BD43AC-4A59-4174-BF32-B5F1EC73AEAC}"
EndProject
Project("{FAE04EC0-301F-11D3-BF4B-00C04F79EFBC}") = "HR.LeaveManagement.Service.CommandDomain", "HR.LeaveManagement.Service.CommandDomain\HR.LeaveManagement.Service.CommandDomain.csproj", "{461F18DA-E8A1-4B58-A38A-89DD564B17B0}"
EndProject
Project("{FAE04EC0-301F-11D3-BF4B-00C04F79EFBC}") = "HR.LeaveManagement.Service.CommandApplication", "HR.LeaveManagement.Service.CommandApplication\HR.LeaveManagement.Service.CommandApplication.csproj", "{82F8CA1F-FFB8-466D-AA76-F646ED6C2DC7}"
EndProject
Global
	GlobalSection(SolutionConfigurationPlatforms) = preSolution
		Debug|Any CPU = Debug|Any CPU
		Release|Any CPU = Release|Any CPU
	EndGlobalSection
	GlobalSection(ProjectConfigurationPlatforms) = postSolution
		{461F18DA-E8A1-4B58-A38A-89DD564B17B0}.Debug|Any CPU.ActiveCfg = Debug|Any CPU
		{461F18DA-E8A1-4B58-A38A-89DD564B17B0}.Debug|Any CPU.Build.0 = Debug|Any CPU
		{461F18DA-E8A1-4B58-A38A-89DD564B17B0}.Release|Any CPU.ActiveCfg = Release|Any CPU
		{461F18DA-E8A1-4B58-A38A-89DD564B17B0}.Release|Any CPU.Build.0 = Release|Any CPU
		{82F8CA1F-FFB8-466D-AA76-F646ED6C2DC7}.Debug|Any CPU.ActiveCfg = Debug|Any CPU
		{82F8CA1F-FFB8-466D-AA76-F646ED6C2DC7}.Debug|Any CPU.Build.0 = Debug|Any CPU
		{82F8CA1F-FFB8-466D-AA76-F646ED6C2DC7}.Release|Any CPU.ActiveCfg = Release|Any CPU
		{82F8CA1F-FFB8-466D-AA76-F646ED6C2DC7}.Release|Any CPU.Build.0 = Release|Any CPU
	EndGlobalSection
	GlobalSection(SolutionProperties) = preSolution
		HideSolutionNode = FALSE
	EndGlobalSection
	GlobalSection(NestedProjects) = preSolution
		{BA19D424-D736-4A30-BB2F-69D2C200A6C1} = {F3BD43AC-4A59-4174-BF32-B5F1EC73AEAC}
		{74059D3E-F746-480B-A0C1-BD05CE14C4AD} = {F3BD43AC-4A59-4174-BF32-B5F1EC73AEAC}
		{0172672E-5B71-47EE-A8BE-D575CD840D21} = {9AA9EC42-76EB-49CC-A154-1F82FED773A4}
		{F3BD43AC-4A59-4174-BF32-B5F1EC73AEAC} = {0172672E-5B71-47EE-A8BE-D575CD840D21}
		{461F18DA-E8A1-4B58-A38A-89DD564B17B0} = {BA19D424-D736-4A30-BB2F-69D2C200A6C1}
		{82F8CA1F-FFB8-466D-AA76-F646ED6C2DC7} = {BA19D424-D736-4A30-BB2F-69D2C200A6C1}
	EndGlobalSection
	GlobalSection(ExtensibilityGlobals) = postSolution
		SolutionGuid = {0AEA9B13-4BBF-4B5E-80A5-3666ED7535C8}
	EndGlobalSection
EndGlobal
